
Microsoft Visual Studio Solution File, Format Version 12.00
# Visual Studio Version 16
VisualStudioVersion = 16.0.30317.65
MinimumVisualStudioVersion = 10.0.40219.1
Project("{FAE04EC0-301F-11D3-BF4B-00C04F79EFBC}") = "msi-validator", "msi-validator\msi-validator.csproj", "{BFCCFB7F-4DE2-4004-B2D3-E75C9DAF8340}"
EndProject
Global
	GlobalSection(SolutionConfigurationPlatforms) = preSolution
		Debug|Any CPU = Debug|Any CPU
		Release|Any CPU = Release|Any CPU
	EndGlobalSection
	GlobalSection(ProjectConfigurationPlatforms) = postSolution
		{BFCCFB7F-4DE2-4004-B2D3-E75C9DAF8340}.Debug|Any CPU.ActiveCfg = Debug|Any CPU
		{BFCCFB7F-4DE2-4004-B2D3-E75C9DAF8340}.Debug|Any CPU.Build.0 = Debug|Any CPU
		{BFCCFB7F-4DE2-4004-B2D3-E75C9DAF8340}.Release|Any CPU.ActiveCfg = Release|Any CPU
		{BFCCFB7F-4DE2-4004-B2D3-E75C9DAF8340}.Release|Any CPU.Build.0 = Release|Any CPU
	EndGlobalSection
	GlobalSection(SolutionProperties) = preSolution
		HideSolutionNode = FALSE
	EndGlobalSection
	GlobalSection(ExtensibilityGlobals) = postSolution
		SolutionGuid = {EF5188C5-DAD0-4365-967C-5F00378D352A}
	EndGlobalSection
EndGlobal
